
Microsoft Visual Studio Solution File, Format Version 12.00
# Visual Studio Version 17
VisualStudioVersion = 17.9.34723.18
MinimumVisualStudioVersion = 10.0.40219.1
Project("{FAE04EC0-301F-11D3-BF4B-00C04F79EFBC}") = "TFGInfotecApi", "src\TFGInfotecApi\TFGInfotecApi.csproj", "{F135931F-E26A-4229-87D0-6841E53C63CD}"
EndProject
Project("{E53339B2-1760-4266-BCC7-CA923CBCF16C}") = "docker-compose", "docker-compose.dcproj", "{6D852B70-3D78-4220-8CAF-2245BA06178A}"
EndProject
Global
	GlobalSection(SolutionConfigurationPlatforms) = preSolution
		Debug|Any CPU = Debug|Any CPU
		Release|Any CPU = Release|Any CPU
	EndGlobalSection
	GlobalSection(ProjectConfigurationPlatforms) = postSolution
		{F135931F-E26A-4229-87D0-6841E53C63CD}.Debug|Any CPU.ActiveCfg = Debug|Any CPU
		{F135931F-E26A-4229-87D0-6841E53C63CD}.Debug|Any CPU.Build.0 = Debug|Any CPU
		{F135931F-E26A-4229-87D0-6841E53C63CD}.Release|Any CPU.ActiveCfg = Release|Any CPU
		{F135931F-E26A-4229-87D0-6841E53C63CD}.Release|Any CPU.Build.0 = Release|Any CPU
		{6D852B70-3D78-4220-8CAF-2245BA06178A}.Debug|Any CPU.ActiveCfg = Debug|Any CPU
		{6D852B70-3D78-4220-8CAF-2245BA06178A}.Debug|Any CPU.Build.0 = Debug|Any CPU
		{6D852B70-3D78-4220-8CAF-2245BA06178A}.Release|Any CPU.ActiveCfg = Release|Any CPU
		{6D852B70-3D78-4220-8CAF-2245BA06178A}.Release|Any CPU.Build.0 = Release|Any CPU
	EndGlobalSection
	GlobalSection(SolutionProperties) = preSolution
		HideSolutionNode = FALSE
	EndGlobalSection
	GlobalSection(ExtensibilityGlobals) = postSolution
		SolutionGuid = {1534F6C7-C1A1-485D-819A-C9D04DC4A36C}
	EndGlobalSection
EndGlobal
